// !$*UTF8*$!
{
	archiveVersion = 1;
	classes = {
	};
	objectVersion = 50;
	objects = {

/* Begin PBXBuildFile section */
		858DCE5021AB828B00ACD7BF /* AppDelegate.swift in Sources */ = {isa = PBXBuildFile; fileRef = 858DCE4F21AB828B00ACD7BF /* AppDelegate.swift */; };
		858DCE5221AB828B00ACD7BF /* ViewController.swift in Sources */ = {isa = PBXBuildFile; fileRef = 858DCE5121AB828B00ACD7BF /* ViewController.swift */; };
		858DCE5721AB828C00ACD7BF /* Assets.xcassets in Resources */ = {isa = PBXBuildFile; fileRef = 858DCE5621AB828C00ACD7BF /* Assets.xcassets */; };
		858DCE5A21AB828C00ACD7BF /* LaunchScreen.storyboard in Resources */ = {isa = PBXBuildFile; fileRef = 858DCE5821AB828C00ACD7BF /* LaunchScreen.storyboard */; };
		858DCE6521AB828C00ACD7BF /* SalamandersTests.swift in Sources */ = {isa = PBXBuildFile; fileRef = 858DCE6421AB828C00ACD7BF /* SalamandersTests.swift */; };
		858DCE7021AB828C00ACD7BF /* SalamandersUITests.swift in Sources */ = {isa = PBXBuildFile; fileRef = 858DCE6F21AB828C00ACD7BF /* SalamandersUITests.swift */; };
		858DCE7F21AB850A00ACD7BF /* CoreLocation.framework in Frameworks */ = {isa = PBXBuildFile; fileRef = 858DCE7E21AB850A00ACD7BF /* CoreLocation.framework */; };
		858DCEC821ACBF2900ACD7BF /* SQLite.framework in Frameworks */ = {isa = PBXBuildFile; fileRef = 858DCEA321ACBEF100ACD7BF /* SQLite.framework */; };
		858DCEC921ACBF4200ACD7BF /* SQLite.framework in Frameworks */ = {isa = PBXBuildFile; fileRef = 858DCEA321ACBEF100ACD7BF /* SQLite.framework */; };
		858DCECA21ACBF4200ACD7BF /* SQLite.framework in Embed Frameworks */ = {isa = PBXBuildFile; fileRef = 858DCEA321ACBEF100ACD7BF /* SQLite.framework */; settings = {ATTRIBUTES = (CodeSignOnCopy, RemoveHeadersOnCopy, ); }; };
		85BCF1F921B4644F0009A672 /* Camera.png in Resources */ = {isa = PBXBuildFile; fileRef = 85BCF1F821B4644F0009A672 /* Camera.png */; };
		85BCF1FC21B466890009A672 /* Main.storyboard in Resources */ = {isa = PBXBuildFile; fileRef = 85BCF1FA21B466890009A672 /* Main.storyboard */; };
		85BCF20021B46E650009A672 /* View.png in Resources */ = {isa = PBXBuildFile; fileRef = 85BCF1FF21B46E650009A672 /* View.png */; };
		85BCF20221B46EFF0009A672 /* Upload2.png in Resources */ = {isa = PBXBuildFile; fileRef = 85BCF20121B46EFF0009A672 /* Upload2.png */; };
		85BCF20D21B49DD50009A672 /* ReCenter2.png in Resources */ = {isa = PBXBuildFile; fileRef = 85BCF20C21B49DD50009A672 /* ReCenter2.png */; };
		85BCF21121B4B2BB0009A672 /* TableViewController.swift in Sources */ = {isa = PBXBuildFile; fileRef = 85BCF21021B4B2BB0009A672 /* TableViewController.swift */; };
/* End PBXBuildFile section */

/* Begin PBXContainerItemProxy section */
		858DCE6121AB828C00ACD7BF /* PBXContainerItemProxy */ = {
			isa = PBXContainerItemProxy;
			containerPortal = 858DCE4421AB828B00ACD7BF /* Project object */;
			proxyType = 1;
			remoteGlobalIDString = 858DCE4B21AB828B00ACD7BF;
			remoteInfo = Salamanders;
		};
		858DCE6C21AB828C00ACD7BF /* PBXContainerItemProxy */ = {
			isa = PBXContainerItemProxy;
			containerPortal = 858DCE4421AB828B00ACD7BF /* Project object */;
			proxyType = 1;
			remoteGlobalIDString = 858DCE4B21AB828B00ACD7BF;
			remoteInfo = Salamanders;
		};
		858DCEA221ACBEF100ACD7BF /* PBXContainerItemProxy */ = {
			isa = PBXContainerItemProxy;
			containerPortal = 858DCE9821ACBEF100ACD7BF /* SQLite.xcodeproj */;
			proxyType = 2;
			remoteGlobalIDString = EE247AD31C3F04ED00AE3E12;
			remoteInfo = "SQLite iOS";
		};
		858DCEA421ACBEF100ACD7BF /* PBXContainerItemProxy */ = {
			isa = PBXContainerItemProxy;
			containerPortal = 858DCE9821ACBEF100ACD7BF /* SQLite.xcodeproj */;
			proxyType = 2;
			remoteGlobalIDString = EE247ADD1C3F04ED00AE3E12;
			remoteInfo = "SQLiteTests iOS";
		};
		858DCEA621ACBEF100ACD7BF /* PBXContainerItemProxy */ = {
			isa = PBXContainerItemProxy;
			containerPortal = 858DCE9821ACBEF100ACD7BF /* SQLite.xcodeproj */;
			proxyType = 2;
			remoteGlobalIDString = EE247B3C1C3F3ED000AE3E12;
			remoteInfo = "SQLite Mac";
		};
		858DCEA821ACBEF100ACD7BF /* PBXContainerItemProxy */ = {
			isa = PBXContainerItemProxy;
			containerPortal = 858DCE9821ACBEF100ACD7BF /* SQLite.xcodeproj */;
			proxyType = 2;
			remoteGlobalIDString = EE247B451C3F3ED000AE3E12;
			remoteInfo = "SQLiteTests Mac";
		};
		858DCEAA21ACBEF100ACD7BF /* PBXContainerItemProxy */ = {
			isa = PBXContainerItemProxy;
			containerPortal = 858DCE9821ACBEF100ACD7BF /* SQLite.xcodeproj */;
			proxyType = 2;
			remoteGlobalIDString = 03A65E5A1C6BB0F50062603F;
			remoteInfo = "SQLite tvOS";
		};
		858DCEAC21ACBEF100ACD7BF /* PBXContainerItemProxy */ = {
			isa = PBXContainerItemProxy;
			containerPortal = 858DCE9821ACBEF100ACD7BF /* SQLite.xcodeproj */;
			proxyType = 2;
			remoteGlobalIDString = 03A65E631C6BB0F60062603F;
			remoteInfo = "SQLiteTests tvOS";
		};
		858DCEAE21ACBEF100ACD7BF /* PBXContainerItemProxy */ = {
			isa = PBXContainerItemProxy;
			containerPortal = 858DCE9821ACBEF100ACD7BF /* SQLite.xcodeproj */;
			proxyType = 2;
			remoteGlobalIDString = A121AC451CA35C79005A31D1;
			remoteInfo = "SQLite watchOS";
		};
		858DCECB21ACBF4200ACD7BF /* PBXContainerItemProxy */ = {
			isa = PBXContainerItemProxy;
			containerPortal = 858DCE9821ACBEF100ACD7BF /* SQLite.xcodeproj */;
			proxyType = 1;
			remoteGlobalIDString = EE247AD21C3F04ED00AE3E12;
			remoteInfo = "SQLite iOS";
		};
/* End PBXContainerItemProxy section */

/* Begin PBXCopyFilesBuildPhase section */
		858DCECD21ACBF4200ACD7BF /* Embed Frameworks */ = {
			isa = PBXCopyFilesBuildPhase;
			buildActionMask = 2147483647;
			dstPath = "";
			dstSubfolderSpec = 10;
			files = (
				858DCECA21ACBF4200ACD7BF /* SQLite.framework in Embed Frameworks */,
			);
			name = "Embed Frameworks";
			runOnlyForDeploymentPostprocessing = 0;
		};
/* End PBXCopyFilesBuildPhase section */

/* Begin PBXFileReference section */
		858DCE4C21AB828B00ACD7BF /* HerpMap.app */ = {isa = PBXFileReference; explicitFileType = wrapper.application; includeInIndex = 0; path = HerpMap.app; sourceTree = BUILT_PRODUCTS_DIR; };
		858DCE4F21AB828B00ACD7BF /* AppDelegate.swift */ = {isa = PBXFileReference; lastKnownFileType = sourcecode.swift; path = AppDelegate.swift; sourceTree = "<group>"; };
		858DCE5121AB828B00ACD7BF /* ViewController.swift */ = {isa = PBXFileReference; lastKnownFileType = sourcecode.swift; path = ViewController.swift; sourceTree = "<group>"; };
		858DCE5621AB828C00ACD7BF /* Assets.xcassets */ = {isa = PBXFileReference; lastKnownFileType = folder.assetcatalog; path = Assets.xcassets; sourceTree = "<group>"; };
		858DCE5921AB828C00ACD7BF /* Base */ = {isa = PBXFileReference; lastKnownFileType = file.storyboard; name = Base; path = Base.lproj/LaunchScreen.storyboard; sourceTree = "<group>"; };
		858DCE5B21AB828C00ACD7BF /* Info.plist */ = {isa = PBXFileReference; lastKnownFileType = text.plist.xml; path = Info.plist; sourceTree = "<group>"; };
		858DCE6021AB828C00ACD7BF /* HerpMapTests.xctest */ = {isa = PBXFileReference; explicitFileType = wrapper.cfbundle; includeInIndex = 0; path = HerpMapTests.xctest; sourceTree = BUILT_PRODUCTS_DIR; };
		858DCE6421AB828C00ACD7BF /* SalamandersTests.swift */ = {isa = PBXFileReference; lastKnownFileType = sourcecode.swift; path = SalamandersTests.swift; sourceTree = "<group>"; };
		858DCE6621AB828C00ACD7BF /* Info.plist */ = {isa = PBXFileReference; lastKnownFileType = text.plist.xml; path = Info.plist; sourceTree = "<group>"; };
		858DCE6B21AB828C00ACD7BF /* HerpMapUITests.xctest */ = {isa = PBXFileReference; explicitFileType = wrapper.cfbundle; includeInIndex = 0; path = HerpMapUITests.xctest; sourceTree = BUILT_PRODUCTS_DIR; };
		858DCE6F21AB828C00ACD7BF /* SalamandersUITests.swift */ = {isa = PBXFileReference; lastKnownFileType = sourcecode.swift; path = SalamandersUITests.swift; sourceTree = "<group>"; };
		858DCE7121AB828C00ACD7BF /* Info.plist */ = {isa = PBXFileReference; lastKnownFileType = text.plist.xml; path = Info.plist; sourceTree = "<group>"; };
		858DCE7E21AB850A00ACD7BF /* CoreLocation.framework */ = {isa = PBXFileReference; lastKnownFileType = wrapper.framework; name = CoreLocation.framework; path = System/Library/Frameworks/CoreLocation.framework; sourceTree = SDKROOT; };
		858DCE9821ACBEF100ACD7BF /* SQLite.xcodeproj */ = {isa = PBXFileReference; lastKnownFileType = "wrapper.pb-project"; name = SQLite.xcodeproj; path = "../SQLite.swift-master/SQLite.xcodeproj"; sourceTree = "<group>"; };
		85BCF1F821B4644F0009A672 /* Camera.png */ = {isa = PBXFileReference; lastKnownFileType = image.png; path = Camera.png; sourceTree = "<group>"; };
		85BCF1FB21B466890009A672 /* Base */ = {isa = PBXFileReference; lastKnownFileType = file.storyboard; name = Base; path = Base.lproj/Main.storyboard; sourceTree = "<group>"; };
		85BCF1FF21B46E650009A672 /* View.png */ = {isa = PBXFileReference; lastKnownFileType = image.png; name = View.png; path = ../../View.png; sourceTree = "<group>"; };
		85BCF20121B46EFF0009A672 /* Upload2.png */ = {isa = PBXFileReference; lastKnownFileType = image.png; path = Upload2.png; sourceTree = "<group>"; };
		85BCF20C21B49DD50009A672 /* ReCenter2.png */ = {isa = PBXFileReference; lastKnownFileType = image.png; path = ReCenter2.png; sourceTree = "<group>"; };
		85BCF21021B4B2BB0009A672 /* TableViewController.swift */ = {isa = PBXFileReference; lastKnownFileType = sourcecode.swift; path = TableViewController.swift; sourceTree = "<group>"; };
/* End PBXFileReference section */

/* Begin PBXFrameworksBuildPhase section */
		858DCE4921AB828B00ACD7BF /* Frameworks */ = {
			isa = PBXFrameworksBuildPhase;
			buildActionMask = 2147483647;
			files = (
				858DCEC821ACBF2900ACD7BF /* SQLite.framework in Frameworks */,
				858DCE7F21AB850A00ACD7BF /* CoreLocation.framework in Frameworks */,
				858DCEC921ACBF4200ACD7BF /* SQLite.framework in Frameworks */,
			);
			runOnlyForDeploymentPostprocessing = 0;
		};
		858DCE5D21AB828C00ACD7BF /* Frameworks */ = {
			isa = PBXFrameworksBuildPhase;
			buildActionMask = 2147483647;
			files = (
			);
			runOnlyForDeploymentPostprocessing = 0;
		};
		858DCE6821AB828C00ACD7BF /* Frameworks */ = {
			isa = PBXFrameworksBuildPhase;
			buildActionMask = 2147483647;
			files = (
			);
			runOnlyForDeploymentPostprocessing = 0;
		};
/* End PBXFrameworksBuildPhase section */

/* Begin PBXGroup section */
		858DCE4321AB828B00ACD7BF = {
			isa = PBXGroup;
			children = (
				858DCE4E21AB828B00ACD7BF /* HerpMap */,
				858DCE6321AB828C00ACD7BF /* HerpMapTests */,
				858DCE6E21AB828C00ACD7BF /* HerpMapUITests */,
				858DCE4D21AB828B00ACD7BF /* Products */,
				858DCE7D21AB850A00ACD7BF /* Frameworks */,
			);
			sourceTree = "<group>";
		};
		858DCE4D21AB828B00ACD7BF /* Products */ = {
			isa = PBXGroup;
			children = (
				858DCE4C21AB828B00ACD7BF /* HerpMap.app */,
				858DCE6021AB828C00ACD7BF /* HerpMapTests.xctest */,
				858DCE6B21AB828C00ACD7BF /* HerpMapUITests.xctest */,
			);
			name = Products;
			sourceTree = "<group>";
		};
		858DCE4E21AB828B00ACD7BF /* HerpMap */ = {
			isa = PBXGroup;
			children = (
				858DCE4F21AB828B00ACD7BF /* AppDelegate.swift */,
				858DCE5121AB828B00ACD7BF /* ViewController.swift */,
				85BCF21021B4B2BB0009A672 /* TableViewController.swift */,
				858DCE5621AB828C00ACD7BF /* Assets.xcassets */,
				85BCF1FA21B466890009A672 /* Main.storyboard */,
				85BCF20C21B49DD50009A672 /* ReCenter2.png */,
				85BCF1FF21B46E650009A672 /* View.png */,
				85BCF1F821B4644F0009A672 /* Camera.png */,
				85BCF20121B46EFF0009A672 /* Upload2.png */,
				858DCE5821AB828C00ACD7BF /* LaunchScreen.storyboard */,
				858DCE5B21AB828C00ACD7BF /* Info.plist */,
			);
			path = HerpMap;
			sourceTree = "<group>";
		};
		858DCE6321AB828C00ACD7BF /* HerpMapTests */ = {
			isa = PBXGroup;
			children = (
				858DCE6421AB828C00ACD7BF /* SalamandersTests.swift */,
				858DCE6621AB828C00ACD7BF /* Info.plist */,
			);
			path = HerpMapTests;
			sourceTree = "<group>";
		};
		858DCE6E21AB828C00ACD7BF /* HerpMapUITests */ = {
			isa = PBXGroup;
			children = (
				858DCE6F21AB828C00ACD7BF /* SalamandersUITests.swift */,
				858DCE7121AB828C00ACD7BF /* Info.plist */,
			);
			path = HerpMapUITests;
			sourceTree = "<group>";
		};
		858DCE7D21AB850A00ACD7BF /* Frameworks */ = {
			isa = PBXGroup;
			children = (
				858DCE9821ACBEF100ACD7BF /* SQLite.xcodeproj */,
				858DCE7E21AB850A00ACD7BF /* CoreLocation.framework */,
			);
			name = Frameworks;
			sourceTree = "<group>";
		};
		858DCE9921ACBEF100ACD7BF /* Products */ = {
			isa = PBXGroup;
			children = (
				858DCEA321ACBEF100ACD7BF /* SQLite.framework */,
				858DCEA521ACBEF100ACD7BF /* SQLiteTests iOS.xctest */,
				858DCEA721ACBEF100ACD7BF /* SQLite.framework */,
				858DCEA921ACBEF100ACD7BF /* SQLiteTests Mac.xctest */,
				858DCEAB21ACBEF100ACD7BF /* SQLite.framework */,
				858DCEAD21ACBEF100ACD7BF /* SQLiteTests tvOS.xctest */,
				858DCEAF21ACBEF100ACD7BF /* SQLite.framework */,
			);
			name = Products;
			sourceTree = "<group>";
		};
/* End PBXGroup section */

/* Begin PBXNativeTarget section */
		858DCE4B21AB828B00ACD7BF /* HerpMap */ = {
			isa = PBXNativeTarget;
			buildConfigurationList = 858DCE7421AB828C00ACD7BF /* Build configuration list for PBXNativeTarget "HerpMap" */;
			buildPhases = (
				858DCE4821AB828B00ACD7BF /* Sources */,
				858DCE4921AB828B00ACD7BF /* Frameworks */,
				858DCE4A21AB828B00ACD7BF /* Resources */,
				858DCECD21ACBF4200ACD7BF /* Embed Frameworks */,
			);
			buildRules = (
			);
			dependencies = (
				858DCECC21ACBF4200ACD7BF /* PBXTargetDependency */,
			);
			name = HerpMap;
			productName = Salamanders;
			productReference = 858DCE4C21AB828B00ACD7BF /* HerpMap.app */;
			productType = "com.apple.product-type.application";
		};
		858DCE5F21AB828C00ACD7BF /* HerpMapTests */ = {
			isa = PBXNativeTarget;
			buildConfigurationList = 858DCE7721AB828C00ACD7BF /* Build configuration list for PBXNativeTarget "HerpMapTests" */;
			buildPhases = (
				858DCE5C21AB828C00ACD7BF /* Sources */,
				858DCE5D21AB828C00ACD7BF /* Frameworks */,
				858DCE5E21AB828C00ACD7BF /* Resources */,
			);
			buildRules = (
			);
			dependencies = (
				858DCE6221AB828C00ACD7BF /* PBXTargetDependency */,
			);
			name = HerpMapTests;
			productName = SalamandersTests;
			productReference = 858DCE6021AB828C00ACD7BF /* HerpMapTests.xctest */;
			productType = "com.apple.product-type.bundle.unit-test";
		};
		858DCE6A21AB828C00ACD7BF /* HerpMapUITests */ = {
			isa = PBXNativeTarget;
			buildConfigurationList = 858DCE7A21AB828C00ACD7BF /* Build configuration list for PBXNativeTarget "HerpMapUITests" */;
			buildPhases = (
				858DCE6721AB828C00ACD7BF /* Sources */,
				858DCE6821AB828C00ACD7BF /* Frameworks */,
				858DCE6921AB828C00ACD7BF /* Resources */,
			);
			buildRules = (
			);
			dependencies = (
				858DCE6D21AB828C00ACD7BF /* PBXTargetDependency */,
			);
			name = HerpMapUITests;
			productName = SalamandersUITests;
			productReference = 858DCE6B21AB828C00ACD7BF /* HerpMapUITests.xctest */;
			productType = "com.apple.product-type.bundle.ui-testing";
		};
/* End PBXNativeTarget section */

/* Begin PBXProject section */
		858DCE4421AB828B00ACD7BF /* Project object */ = {
			isa = PBXProject;
			attributes = {
				LastSwiftUpdateCheck = 1010;
				LastUpgradeCheck = 1010;
				ORGANIZATIONNAME = "Justin Sung";
				TargetAttributes = {
					858DCE4B21AB828B00ACD7BF = {
						CreatedOnToolsVersion = 10.1;
					};
					858DCE5F21AB828C00ACD7BF = {
						CreatedOnToolsVersion = 10.1;
						TestTargetID = 858DCE4B21AB828B00ACD7BF;
					};
					858DCE6A21AB828C00ACD7BF = {
						CreatedOnToolsVersion = 10.1;
						TestTargetID = 858DCE4B21AB828B00ACD7BF;
					};
				};
			};
			buildConfigurationList = 858DCE4721AB828B00ACD7BF /* Build configuration list for PBXProject "HerpMap" */;
			compatibilityVersion = "Xcode 9.3";
			developmentRegion = en;
			hasScannedForEncodings = 0;
			knownRegions = (
				en,
				Base,
			);
			mainGroup = 858DCE4321AB828B00ACD7BF;
			productRefGroup = 858DCE4D21AB828B00ACD7BF /* Products */;
			projectDirPath = "";
			projectReferences = (
				{
					ProductGroup = 858DCE9921ACBEF100ACD7BF /* Products */;
					ProjectRef = 858DCE9821ACBEF100ACD7BF /* SQLite.xcodeproj */;
				},
			);
			projectRoot = "";
			targets = (
				858DCE4B21AB828B00ACD7BF /* HerpMap */,
				858DCE5F21AB828C00ACD7BF /* HerpMapTests */,
				858DCE6A21AB828C00ACD7BF /* HerpMapUITests */,
			);
		};
/* End PBXProject section */

/* Begin PBXReferenceProxy section */
		858DCEA321ACBEF100ACD7BF /* SQLite.framework */ = {
			isa = PBXReferenceProxy;
			fileType = wrapper.framework;
			path = SQLite.framework;
			remoteRef = 858DCEA221ACBEF100ACD7BF /* PBXContainerItemProxy */;
			sourceTree = BUILT_PRODUCTS_DIR;
		};
		858DCEA521ACBEF100ACD7BF /* SQLiteTests iOS.xctest */ = {
			isa = PBXReferenceProxy;
			fileType = wrapper.cfbundle;
			path = "SQLiteTests iOS.xctest";
			remoteRef = 858DCEA421ACBEF100ACD7BF /* PBXContainerItemProxy */;
			sourceTree = BUILT_PRODUCTS_DIR;
		};
		858DCEA721ACBEF100ACD7BF /* SQLite.framework */ = {
			isa = PBXReferenceProxy;
			fileType = wrapper.framework;
			path = SQLite.framework;
			remoteRef = 858DCEA621ACBEF100ACD7BF /* PBXContainerItemProxy */;
			sourceTree = BUILT_PRODUCTS_DIR;
		};
		858DCEA921ACBEF100ACD7BF /* SQLiteTests Mac.xctest */ = {
			isa = PBXReferenceProxy;
			fileType = wrapper.cfbundle;
			path = "SQLiteTests Mac.xctest";
			remoteRef = 858DCEA821ACBEF100ACD7BF /* PBXContainerItemProxy */;
			sourceTree = BUILT_PRODUCTS_DIR;
		};
		858DCEAB21ACBEF100ACD7BF /* SQLite.framework */ = {
			isa = PBXReferenceProxy;
			fileType = wrapper.framework;
			path = SQLite.framework;
			remoteRef = 858DCEAA21ACBEF100ACD7BF /* PBXContainerItemProxy */;
			sourceTree = BUILT_PRODUCTS_DIR;
		};
		858DCEAD21ACBEF100ACD7BF /* SQLiteTests tvOS.xctest */ = {
			isa = PBXReferenceProxy;
			fileType = wrapper.cfbundle;
			path = "SQLiteTests tvOS.xctest";
			remoteRef = 858DCEAC21ACBEF100ACD7BF /* PBXContainerItemProxy */;
			sourceTree = BUILT_PRODUCTS_DIR;
		};
		858DCEAF21ACBEF100ACD7BF /* SQLite.framework */ = {
			isa = PBXReferenceProxy;
			fileType = wrapper.framework;
			path = SQLite.framework;
			remoteRef = 858DCEAE21ACBEF100ACD7BF /* PBXContainerItemProxy */;
			sourceTree = BUILT_PRODUCTS_DIR;
		};
/* End PBXReferenceProxy section */

/* Begin PBXResourcesBuildPhase section */
		858DCE4A21AB828B00ACD7BF /* Resources */ = {
			isa = PBXResourcesBuildPhase;
			buildActionMask = 2147483647;
			files = (
				858DCE5A21AB828C00ACD7BF /* LaunchScreen.storyboard in Resources */,
				85BCF20221B46EFF0009A672 /* Upload2.png in Resources */,
				85BCF20D21B49DD50009A672 /* ReCenter2.png in Resources */,
				858DCE5721AB828C00ACD7BF /* Assets.xcassets in Resources */,
				85BCF1FC21B466890009A672 /* Main.storyboard in Resources */,
				85BCF1F921B4644F0009A672 /* Camera.png in Resources */,
				85BCF20021B46E650009A672 /* View.png in Resources */,
			);
			runOnlyForDeploymentPostprocessing = 0;
		};
		858DCE5E21AB828C00ACD7BF /* Resources */ = {
			isa = PBXResourcesBuildPhase;
			buildActionMask = 2147483647;
			files = (
			);
			runOnlyForDeploymentPostprocessing = 0;
		};
		858DCE6921AB828C00ACD7BF /* Resources */ = {
			isa = PBXResourcesBuildPhase;
			buildActionMask = 2147483647;
			files = (
			);
			runOnlyForDeploymentPostprocessing = 0;
		};
/* End PBXResourcesBuildPhase section */

/* Begin PBXSourcesBuildPhase section */
		858DCE4821AB828B00ACD7BF /* Sources */ = {
			isa = PBXSourcesBuildPhase;
			buildActionMask = 2147483647;
			files = (
				858DCE5221AB828B00ACD7BF /* ViewController.swift in Sources */,
				85BCF21121B4B2BB0009A672 /* TableViewController.swift in Sources */,
				858DCE5021AB828B00ACD7BF /* AppDelegate.swift in Sources */,
			);
			runOnlyForDeploymentPostprocessing = 0;
		};
		858DCE5C21AB828C00ACD7BF /* Sources */ = {
			isa = PBXSourcesBuildPhase;
			buildActionMask = 2147483647;
			files = (
				858DCE6521AB828C00ACD7BF /* SalamandersTests.swift in Sources */,
			);
			runOnlyForDeploymentPostprocessing = 0;
		};
		858DCE6721AB828C00ACD7BF /* Sources */ = {
			isa = PBXSourcesBuildPhase;
			buildActionMask = 2147483647;
			files = (
				858DCE7021AB828C00ACD7BF /* SalamandersUITests.swift in Sources */,
			);
			runOnlyForDeploymentPostprocessing = 0;
		};
/* End PBXSourcesBuildPhase section */

/* Begin PBXTargetDependency section */
		858DCE6221AB828C00ACD7BF /* PBXTargetDependency */ = {
			isa = PBXTargetDependency;
			target = 858DCE4B21AB828B00ACD7BF /* HerpMap */;
			targetProxy = 858DCE6121AB828C00ACD7BF /* PBXContainerItemProxy */;
		};
		858DCE6D21AB828C00ACD7BF /* PBXTargetDependency */ = {
			isa = PBXTargetDependency;
			target = 858DCE4B21AB828B00ACD7BF /* HerpMap */;
			targetProxy = 858DCE6C21AB828C00ACD7BF /* PBXContainerItemProxy */;
		};
		858DCECC21ACBF4200ACD7BF /* PBXTargetDependency */ = {
			isa = PBXTargetDependency;
			name = "SQLite iOS";
			targetProxy = 858DCECB21ACBF4200ACD7BF /* PBXContainerItemProxy */;
		};
/* End PBXTargetDependency section */

/* Begin PBXVariantGroup section */
		858DCE5821AB828C00ACD7BF /* LaunchScreen.storyboard */ = {
			isa = PBXVariantGroup;
			children = (
				858DCE5921AB828C00ACD7BF /* Base */,
			);
			name = LaunchScreen.storyboard;
			sourceTree = "<group>";
		};
		85BCF1FA21B466890009A672 /* Main.storyboard */ = {
			isa = PBXVariantGroup;
			children = (
				85BCF1FB21B466890009A672 /* Base */,
			);
			name = Main.storyboard;
			sourceTree = "<group>";
		};
/* End PBXVariantGroup section */

/* Begin XCBuildConfiguration section */
		858DCE7221AB828C00ACD7BF /* Debug */ = {
			isa = XCBuildConfiguration;
			buildSettings = {
				ALWAYS_SEARCH_USER_PATHS = NO;
				CLANG_ANALYZER_NONNULL = YES;
				CLANG_ANALYZER_NUMBER_OBJECT_CONVERSION = YES_AGGRESSIVE;
				CLANG_CXX_LANGUAGE_STANDARD = "gnu++14";
				CLANG_CXX_LIBRARY = "libc++";
				CLANG_ENABLE_MODULES = YES;
				CLANG_ENABLE_OBJC_ARC = YES;
				CLANG_ENABLE_OBJC_WEAK = YES;
				CLANG_WARN_BLOCK_CAPTURE_AUTORELEASING = YES;
				CLANG_WARN_BOOL_CONVERSION = YES;
				CLANG_WARN_COMMA = YES;
				CLANG_WARN_CONSTANT_CONVERSION = YES;
				CLANG_WARN_DEPRECATED_OBJC_IMPLEMENTATIONS = YES;
				CLANG_WARN_DIRECT_OBJC_ISA_USAGE = YES_ERROR;
				CLANG_WARN_DOCUMENTATION_COMMENTS = YES;
				CLANG_WARN_EMPTY_BODY = YES;
				CLANG_WARN_ENUM_CONVERSION = YES;
				CLANG_WARN_INFINITE_RECURSION = YES;
				CLANG_WARN_INT_CONVERSION = YES;
				CLANG_WARN_NON_LITERAL_NULL_CONVERSION = YES;
				CLANG_WARN_OBJC_IMPLICIT_RETAIN_SELF = YES;
				CLANG_WARN_OBJC_LITERAL_CONVERSION = YES;
				CLANG_WARN_OBJC_ROOT_CLASS = YES_ERROR;
				CLANG_WARN_RANGE_LOOP_ANALYSIS = YES;
				CLANG_WARN_STRICT_PROTOTYPES = YES;
				CLANG_WARN_SUSPICIOUS_MOVE = YES;
				CLANG_WARN_UNGUARDED_AVAILABILITY = YES_AGGRESSIVE;
				CLANG_WARN_UNREACHABLE_CODE = YES;
				CLANG_WARN__DUPLICATE_METHOD_MATCH = YES;
				CODE_SIGN_IDENTITY = "iPhone Developer";
				COPY_PHASE_STRIP = NO;
				DEBUG_INFORMATION_FORMAT = dwarf;
				ENABLE_STRICT_OBJC_MSGSEND = YES;
				ENABLE_TESTABILITY = YES;
				GCC_C_LANGUAGE_STANDARD = gnu11;
				GCC_DYNAMIC_NO_PIC = NO;
				GCC_NO_COMMON_BLOCKS = YES;
				GCC_OPTIMIZATION_LEVEL = 0;
				GCC_PREPROCESSOR_DEFINITIONS = (
					"DEBUG=1",
					"$(inherited)",
				);
				GCC_WARN_64_TO_32_BIT_CONVERSION = YES;
				GCC_WARN_ABOUT_RETURN_TYPE = YES_ERROR;
				GCC_WARN_UNDECLARED_SELECTOR = YES;
				GCC_WARN_UNINITIALIZED_AUTOS = YES_AGGRESSIVE;
				GCC_WARN_UNUSED_FUNCTION = YES;
				GCC_WARN_UNUSED_VARIABLE = YES;
				IPHONEOS_DEPLOYMENT_TARGET = 12.1;
				MTL_ENABLE_DEBUG_INFO = INCLUDE_SOURCE;
				MTL_FAST_MATH = YES;
				ONLY_ACTIVE_ARCH = YES;
				SDKROOT = iphoneos;
				SWIFT_ACTIVE_COMPILATION_CONDITIONS = DEBUG;
				SWIFT_OPTIMIZATION_LEVEL = "-Onone";
			};
			name = Debug;
		};
		858DCE7321AB828C00ACD7BF /* Release */ = {
			isa = XCBuildConfiguration;
			buildSettings = {
				ALWAYS_SEARCH_USER_PATHS = NO;
				CLANG_ANALYZER_NONNULL = YES;
				CLANG_ANALYZER_NUMBER_OBJECT_CONVERSION = YES_AGGRESSIVE;
				CLANG_CXX_LANGUAGE_STANDARD = "gnu++14";
				CLANG_CXX_LIBRARY = "libc++";
				CLANG_ENABLE_MODULES = YES;
				CLANG_ENABLE_OBJC_ARC = YES;
				CLANG_ENABLE_OBJC_WEAK = YES;
				CLANG_WARN_BLOCK_CAPTURE_AUTORELEASING = YES;
				CLANG_WARN_BOOL_CONVERSION = YES;
				CLANG_WARN_COMMA = YES;
				CLANG_WARN_CONSTANT_CONVERSION = YES;
				CLANG_WARN_DEPRECATED_OBJC_IMPLEMENTATIONS = YES;
				CLANG_WARN_DIRECT_OBJC_ISA_USAGE = YES_ERROR;
				CLANG_WARN_DOCUMENTATION_COMMENTS = YES;
				CLANG_WARN_EMPTY_BODY = YES;
				CLANG_WARN_ENUM_CONVERSION = YES;
				CLANG_WARN_INFINITE_RECURSION = YES;
				CLANG_WARN_INT_CONVERSION = YES;
				CLANG_WARN_NON_LITERAL_NULL_CONVERSION = YES;
				CLANG_WARN_OBJC_IMPLICIT_RETAIN_SELF = YES;
				CLANG_WARN_OBJC_LITERAL_CONVERSION = YES;
				CLANG_WARN_OBJC_ROOT_CLASS = YES_ERROR;
				CLANG_WARN_RANGE_LOOP_ANALYSIS = YES;
				CLANG_WARN_STRICT_PROTOTYPES = YES;
				CLANG_WARN_SUSPICIOUS_MOVE = YES;
				CLANG_WARN_UNGUARDED_AVAILABILITY = YES_AGGRESSIVE;
				CLANG_WARN_UNREACHABLE_CODE = YES;
				CLANG_WARN__DUPLICATE_METHOD_MATCH = YES;
				CODE_SIGN_IDENTITY = "iPhone Developer";
				COPY_PHASE_STRIP = NO;
				DEBUG_INFORMATION_FORMAT = "dwarf-with-dsym";
				ENABLE_NS_ASSERTIONS = NO;
				ENABLE_STRICT_OBJC_MSGSEND = YES;
				GCC_C_LANGUAGE_STANDARD = gnu11;
				GCC_NO_COMMON_BLOCKS = YES;
				GCC_WARN_64_TO_32_BIT_CONVERSION = YES;
				GCC_WARN_ABOUT_RETURN_TYPE = YES_ERROR;
				GCC_WARN_UNDECLARED_SELECTOR = YES;
				GCC_WARN_UNINITIALIZED_AUTOS = YES_AGGRESSIVE;
				GCC_WARN_UNUSED_FUNCTION = YES;
				GCC_WARN_UNUSED_VARIABLE = YES;
				IPHONEOS_DEPLOYMENT_TARGET = 12.1;
				MTL_ENABLE_DEBUG_INFO = NO;
				MTL_FAST_MATH = YES;
				SDKROOT = iphoneos;
				SWIFT_COMPILATION_MODE = wholemodule;
				SWIFT_OPTIMIZATION_LEVEL = "-O";
				VALIDATE_PRODUCT = YES;
			};
			name = Release;
		};
		858DCE7521AB828C00ACD7BF /* Debug */ = {
			isa = XCBuildConfiguration;
			buildSettings = {
				ALWAYS_EMBED_SWIFT_STANDARD_LIBRARIES = YES;
				ASSETCATALOG_COMPILER_APPICON_NAME = AppIcon;
				CODE_SIGN_STYLE = Automatic;
				DEVELOPMENT_TEAM = 34DLNT227R;
				INFOPLIST_FILE = Salamanders/Info.plist;
				LD_RUNPATH_SEARCH_PATHS = (
					"$(inherited)",
					"@executable_path/Frameworks",
				);
				PRODUCT_BUNDLE_IDENTIFIER = CS50.Salamanders;
				PRODUCT_NAME = "$(TARGET_NAME)";
				SWIFT_VERSION = 4.2;
				TARGETED_DEVICE_FAMILY = "1,2";
			};
			name = Debug;
		};
		858DCE7621AB828C00ACD7BF /* Release */ = {
			isa = XCBuildConfiguration;
			buildSettings = {
				ALWAYS_EMBED_SWIFT_STANDARD_LIBRARIES = YES;
				ASSETCATALOG_COMPILER_APPICON_NAME = AppIcon;
				CODE_SIGN_STYLE = Automatic;
				DEVELOPMENT_TEAM = 34DLNT227R;
				INFOPLIST_FILE = Salamanders/Info.plist;
				LD_RUNPATH_SEARCH_PATHS = (
					"$(inherited)",
					"@executable_path/Frameworks",
				);
				PRODUCT_BUNDLE_IDENTIFIER = CS50.Salamanders;
				PRODUCT_NAME = "$(TARGET_NAME)";
				SWIFT_VERSION = 4.2;
				TARGETED_DEVICE_FAMILY = "1,2";
			};
			name = Release;
		};
		858DCE7821AB828C00ACD7BF /* Debug */ = {
			isa = XCBuildConfiguration;
			buildSettings = {
				ALWAYS_EMBED_SWIFT_STANDARD_LIBRARIES = YES;
				BUNDLE_LOADER = "$(TEST_HOST)";
				CODE_SIGN_STYLE = Automatic;
				DEVELOPMENT_TEAM = 34DLNT227R;
				INFOPLIST_FILE = SalamandersTests/Info.plist;
				LD_RUNPATH_SEARCH_PATHS = (
					"$(inherited)",
					"@executable_path/Frameworks",
					"@loader_path/Frameworks",
				);
				PRODUCT_BUNDLE_IDENTIFIER = CS50.SalamandersTests;
				PRODUCT_NAME = "$(TARGET_NAME)";
				SWIFT_VERSION = 4.2;
				TARGETED_DEVICE_FAMILY = "1,2";
				TEST_HOST = "$(BUILT_PRODUCTS_DIR)/HerpMap.app/HerpMap";
			};
			name = Debug;
		};
		858DCE7921AB828C00ACD7BF /* Release */ = {
			isa = XCBuildConfiguration;
			buildSettings = {
				ALWAYS_EMBED_SWIFT_STANDARD_LIBRARIES = YES;
				BUNDLE_LOADER = "$(TEST_HOST)";
				CODE_SIGN_STYLE = Automatic;
				DEVELOPMENT_TEAM = 34DLNT227R;
				INFOPLIST_FILE = SalamandersTests/Info.plist;
				LD_RUNPATH_SEARCH_PATHS = (
					"$(inherited)",
					"@executable_path/Frameworks",
					"@loader_path/Frameworks",
				);
				PRODUCT_BUNDLE_IDENTIFIER = CS50.SalamandersTests;
				PRODUCT_NAME = "$(TARGET_NAME)";
				SWIFT_VERSION = 4.2;
				TARGETED_DEVICE_FAMILY = "1,2";
				TEST_HOST = "$(BUILT_PRODUCTS_DIR)/HerpMap.app/HerpMap";
			};
			name = Release;
		};
		858DCE7B21AB828C00ACD7BF /* Debug */ = {
			isa = XCBuildConfiguration;
			buildSettings = {
				ALWAYS_EMBED_SWIFT_STANDARD_LIBRARIES = YES;
				CODE_SIGN_STYLE = Automatic;
				DEVELOPMENT_TEAM = 34DLNT227R;
				INFOPLIST_FILE = SalamandersUITests/Info.plist;
				LD_RUNPATH_SEARCH_PATHS = (
					"$(inherited)",
					"@executable_path/Frameworks",
					"@loader_path/Frameworks",
				);
				PRODUCT_BUNDLE_IDENTIFIER = CS50.SalamandersUITests;
				PRODUCT_NAME = "$(TARGET_NAME)";
				SWIFT_VERSION = 4.2;
				TARGETED_DEVICE_FAMILY = "1,2";
				TEST_TARGET_NAME = Salamanders;
			};
			name = Debug;
		};
		858DCE7C21AB828C00ACD7BF /* Release */ = {
			isa = XCBuildConfiguration;
			buildSettings = {
				ALWAYS_EMBED_SWIFT_STANDARD_LIBRARIES = YES;
				CODE_SIGN_STYLE = Automatic;
				DEVELOPMENT_TEAM = 34DLNT227R;
				INFOPLIST_FILE = SalamandersUITests/Info.plist;
				LD_RUNPATH_SEARCH_PATHS = (
					"$(inherited)",
					"@executable_path/Frameworks",
					"@loader_path/Frameworks",
				);
				PRODUCT_BUNDLE_IDENTIFIER = CS50.SalamandersUITests;
				PRODUCT_NAME = "$(TARGET_NAME)";
				SWIFT_VERSION = 4.2;
				TARGETED_DEVICE_FAMILY = "1,2";
				TEST_TARGET_NAME = Salamanders;
			};
			name = Release;
		};
/* End XCBuildConfiguration section */

/* Begin XCConfigurationList section */
		858DCE4721AB828B00ACD7BF /* Build configuration list for PBXProject "HerpMap" */ = {
			isa = XCConfigurationList;
			buildConfigurations = (
				858DCE7221AB828C00ACD7BF /* Debug */,
				858DCE7321AB828C00ACD7BF /* Release */,
			);
			defaultConfigurationIsVisible = 0;
			defaultConfigurationName = Release;
		};
		858DCE7421AB828C00ACD7BF /* Build configuration list for PBXNativeTarget "HerpMap" */ = {
			isa = XCConfigurationList;
			buildConfigurations = (
				858DCE7521AB828C00ACD7BF /* Debug */,
				858DCE7621AB828C00ACD7BF /* Release */,
			);
			defaultConfigurationIsVisible = 0;
			defaultConfigurationName = Release;
		};
		858DCE7721AB828C00ACD7BF /* Build configuration list for PBXNativeTarget "HerpMapTests" */ = {
			isa = XCConfigurationList;
			buildConfigurations = (
				858DCE7821AB828C00ACD7BF /* Debug */,
				858DCE7921AB828C00ACD7BF /* Release */,
			);
			defaultConfigurationIsVisible = 0;
			defaultConfigurationName = Release;
		};
		858DCE7A21AB828C00ACD7BF /* Build configuration list for PBXNativeTarget "HerpMapUITests" */ = {
			isa = XCConfigurationList;
			buildConfigurations = (
				858DCE7B21AB828C00ACD7BF /* Debug */,
				858DCE7C21AB828C00ACD7BF /* Release */,
			);
			defaultConfigurationIsVisible = 0;
			defaultConfigurationName = Release;
		};
/* End XCConfigurationList section */
	};
	rootObject = 858DCE4421AB828B00ACD7BF /* Project object */;
}
